
Microsoft Visual Studio Solution File, Format Version 12.00
Project("{FAE04EC0-301F-11D3-BF4B-00C04F79EFBC}") = "PaydayDecks", "PaydayDecks.csproj", "{608B5937-0F25-4533-8B37-F3E2F5ACA57E}"
EndProject
Global
	GlobalSection(SolutionConfigurationPlatforms) = preSolution
		Debug|Any CPU = Debug|Any CPU
		Release|Any CPU = Release|Any CPU
	EndGlobalSection
	GlobalSection(ProjectConfigurationPlatforms) = postSolution
		{608B5937-0F25-4533-8B37-F3E2F5ACA57E}.Debug|Any CPU.ActiveCfg = Debug|Any CPU
		{608B5937-0F25-4533-8B37-F3E2F5ACA57E}.Debug|Any CPU.Build.0 = Debug|Any CPU
		{608B5937-0F25-4533-8B37-F3E2F5ACA57E}.Release|Any CPU.ActiveCfg = Release|Any CPU
		{608B5937-0F25-4533-8B37-F3E2F5ACA57E}.Release|Any CPU.Build.0 = Release|Any CPU
	EndGlobalSection
EndGlobal
